# THIS IS AN AUTOGENERATED FILE. DO NOT EDIT THIS FILE DIRECTLY.
# yarn lockfile v1


busboy@^1.4.0:
  version "1.4.0"
  resolved "https://registry.yarnpkg.com/busboy/-/busboy-1.4.0.tgz#7bb6ea83e672516ab62b7c3c418b5942f88b45bb"
  integrity sha512-TytIELfX6IPn1OClqcBz0NFE6+JT9e3iW0ZpgnEl7ffsfDxvRZGHfPaSHGbrI443nSV3GutCDWuqLB6yHY92Ew==
  dependencies:
    streamsearch "^1.1.0"

cf-gen-id@^3.0.1:
  version "3.0.1"
  resolved "https://registry.yarnpkg.com/cf-gen-id/-/cf-gen-id-3.0.1.tgz#faf0a772d599b92aff629ccecad4c19467836222"
  integrity sha512-VFQemV1q7SU8zOA1tMiJN6GfgNeQqKeCyKLmNfypQFUoADD4QswBeEbhAE5QflRkq9qe1ry5u0KQX1T4yjHNWw==
  dependencies:
    nanoid "^3.3.1"

nanoid@^3.3.1:
  version "3.3.1"
  resolved "https://registry.yarnpkg.com/nanoid/-/nanoid-3.3.1.tgz#6347a18cac88af88f58af0b3594b723d5e99bb35"
  integrity sha512-n6Vs/3KGyxPQd6uO0eH4Bv0ojGSUvuLlIHtC3Y0kEO23YRge8H9x1GCzLn28YX0H66pMkxuaeESFq4tKISKwdw==

streamsearch@^1.1.0:
  version "1.1.0"
  resolved "https://registry.yarnpkg.com/streamsearch/-/streamsearch-1.1.0.tgz#404dd1e2247ca94af554e841a8ef0eaa238da764"
  integrity sha512-Mcc5wHehp9aXz1ax6bZUyY5afg9u2rv5cqQI3mRrYkGC8rW2hM02jWuwjtL++LS5qinSyhj2QfLyNsuc+VsExg==
